Microsoft Visual Studio Solution File, Format Version 12.00
# Visual Studio Version 17
VisualStudioVersion = 17.5.2.0
MinimumVisualStudioVersion = 10.0.40219.1
Project("{FAE04EC0-301F-11D3-BF4B-00C04F79EFBC}") = "T265Stream", "T265Stream\T265Stream.csproj", "{57E1F335-6B72-C5FB-AEE0-4C5777048225}"
EndProject
Global
	GlobalSection(SolutionConfigurationPlatforms) = preSolution
		Debug|Any CPU = Debug|Any CPU
		Release|Any CPU = Release|Any CPU
	EndGlobalSection
	GlobalSection(ProjectConfigurationPlatforms) = postSolution
		{57E1F335-6B72-C5FB-AEE0-4C5777048225}.Debug|Any CPU.ActiveCfg = Debug|Any CPU
		{57E1F335-6B72-C5FB-AEE0-4C5777048225}.Debug|Any CPU.Build.0 = Debug|Any CPU
		{57E1F335-6B72-C5FB-AEE0-4C5777048225}.Release|Any CPU.ActiveCfg = Release|Any CPU
		{57E1F335-6B72-C5FB-AEE0-4C5777048225}.Release|Any CPU.Build.0 = Release|Any CPU
	EndGlobalSection
	GlobalSection(SolutionProperties) = preSolution
		HideSolutionNode = FALSE
	EndGlobalSection
	GlobalSection(ExtensibilityGlobals) = postSolution
		SolutionGuid = {EEB5703C-EEE6-42C2-BAB8-2BCFE26D0F27}
	EndGlobalSection
EndGlobal
